
Microsoft Visual Studio Solution File, Format Version 12.00
# Visual Studio Version 16
VisualStudioVersion = 16.0.31129.286
MinimumVisualStudioVersion = 10.0.40219.1
Project("{9A19103F-16F7-4668-BE54-9A1E7A4F7556}") = "TestApi", "TestApi\TestApi.csproj", "{75B9716D-AD9D-4635-A28C-1FEFDE992F64}"
EndProject
Project("{2150E333-8FDC-42A3-9474-1A3956D46DE8}") = "DockerCompose", "DockerCompose", "{9C3CD023-DE93-4D12-BDA9-D2FE5C4BDDE2}"
EndProject
Project("{E53339B2-1760-4266-BCC7-CA923CBCF16C}") = "docker-compose", "docker-compose.dcproj", "{893E222A-EA4F-402E-9757-73784804F909}"
EndProject
Project("{2150E333-8FDC-42A3-9474-1A3956D46DE8}") = "SolutionItems", "SolutionItems", "{6F36B805-4209-4F15-AEB8-4E9437D531EC}"
	ProjectSection(SolutionItems) = preProject
		TestData.txt = TestData.txt
	EndProjectSection
EndProject
Global
	GlobalSection(SolutionConfigurationPlatforms) = preSolution
		Debug|Any CPU = Debug|Any CPU
		Release|Any CPU = Release|Any CPU
	EndGlobalSection
	GlobalSection(ProjectConfigurationPlatforms) = postSolution
		{75B9716D-AD9D-4635-A28C-1FEFDE992F64}.Debug|Any CPU.ActiveCfg = Debug|Any CPU
		{75B9716D-AD9D-4635-A28C-1FEFDE992F64}.Debug|Any CPU.Build.0 = Debug|Any CPU
		{75B9716D-AD9D-4635-A28C-1FEFDE992F64}.Release|Any CPU.ActiveCfg = Release|Any CPU
		{75B9716D-AD9D-4635-A28C-1FEFDE992F64}.Release|Any CPU.Build.0 = Release|Any CPU
		{893E222A-EA4F-402E-9757-73784804F909}.Debug|Any CPU.ActiveCfg = Debug|Any CPU
		{893E222A-EA4F-402E-9757-73784804F909}.Debug|Any CPU.Build.0 = Debug|Any CPU
		{893E222A-EA4F-402E-9757-73784804F909}.Release|Any CPU.ActiveCfg = Release|Any CPU
		{893E222A-EA4F-402E-9757-73784804F909}.Release|Any CPU.Build.0 = Release|Any CPU
	EndGlobalSection
	GlobalSection(SolutionProperties) = preSolution
		HideSolutionNode = FALSE
	EndGlobalSection
	GlobalSection(NestedProjects) = preSolution
		{893E222A-EA4F-402E-9757-73784804F909} = {9C3CD023-DE93-4D12-BDA9-D2FE5C4BDDE2}
	EndGlobalSection
	GlobalSection(ExtensibilityGlobals) = postSolution
		SolutionGuid = {76B5137D-3DA7-41DD-98B2-D1D756BD4B0F}
	EndGlobalSection
EndGlobal
